// !$*UTF8*$!
{
	archiveVersion = 1;
	classes = {
	};
	objectVersion = 77;
	objects = {

/* Begin PBXBuildFile section */
		4625A3D82D6A34EA001DBC55 /* PerformanceView.swift in Sources */ = {isa = PBXBuildFile; fileRef = 4625A3D72D6A34E8001DBC55 /* PerformanceView.swift */; };
		4625A3DA2D6AD090001DBC55 /* Models.swift in Sources */ = {isa = PBXBuildFile; fileRef = 4625A3D92D6AD08E001DBC55 /* Models.swift */; };
		4630283D2D66DF2200FE7B34 /* Constants.swift in Sources */ = {isa = PBXBuildFile; fileRef = 4630283C2D66DF2200FE7B34 /* Constants.swift */; };
		46310BDD2D68F3F4000B7943 /* NeckSusData.xcdatamodeld in Sources */ = {isa = PBXBuildFile; fileRef = 46B7E6EE2D64CD24004E00CB /* NeckSusData.xcdatamodeld */; };
		464A364E2D7DD83200A0E539 /* DateUtils.swift in Sources */ = {isa = PBXBuildFile; fileRef = 464A364D2D7DD83100A0E539 /* DateUtils.swift */; };
		464A36542D7DD8E900A0E539 /* CloudKitService.swift in Sources */ = {isa = PBXBuildFile; fileRef = 464A36532D7DD8E700A0E539 /* CloudKitService.swift */; };
		464A365B2D7F3F4700A0E539 /* PainDetailsEntry.swift in Sources */ = {isa = PBXBuildFile; fileRef = 464A365A2D7F3F3D00A0E539 /* PainDetailsEntry.swift */; };
		464A365D2D7F4B5600A0E539 /* PainMainTab.swift in Sources */ = {isa = PBXBuildFile; fileRef = 464A365C2D7F4B5400A0E539 /* PainMainTab.swift */; };
		464A36C02D80B7CF00A0E539 /* UserProfileView.swift in Sources */ = {isa = PBXBuildFile; fileRef = 464A36BF2D80B7CD00A0E539 /* UserProfileView.swift */; };
		464A36C42D80C45F00A0E539 /* OverviewTab.swift in Sources */ = {isa = PBXBuildFile; fileRef = 464A36C32D80C45B00A0E539 /* OverviewTab.swift */; };
		464A36C62D80C48900A0E539 /* PainHistoryView.swift in Sources */ = {isa = PBXBuildFile; fileRef = 464A36C52D80C48700A0E539 /* PainHistoryView.swift */; };
		465691612D7A008D00AD7C31 /* SplashScreenView.swift in Sources */ = {isa = PBXBuildFile; fileRef = 465691602D7A008B00AD7C31 /* SplashScreenView.swift */; };
		465691692D7A1AB300AD7C31 /* SecureTransformer.swift in Sources */ = {isa = PBXBuildFile; fileRef = 465691682D7A1AB200AD7C31 /* SecureTransformer.swift */; };
		465691A62D7B94C400AD7C31 /* AnalyticsView.swift in Sources */ = {isa = PBXBuildFile; fileRef = 465691A52D7B94C200AD7C31 /* AnalyticsView.swift */; };
		465691A82D7B97D300AD7C31 /* HomeView.swift in Sources */ = {isa = PBXBuildFile; fileRef = 465691A72D7B97D100AD7C31 /* HomeView.swift */; };
		465691AB2D7BA28500AD7C31 /* PostureChartView.swift in Sources */ = {isa = PBXBuildFile; fileRef = 465691AA2D7BA28500AD7C31 /* PostureChartView.swift */; };
		465691AE2D7BB40F00AD7C31 /* GoogleService-Info.plist in Resources */ = {isa = PBXBuildFile; fileRef = 465691AD2D7BB40F00AD7C31 /* GoogleService-Info.plist */; };
		46B7E6FB2D64CD24004E00CB /* NeckSusApp.swift in Sources */ = {isa = PBXBuildFile; fileRef = 46B7E6ED2D64CD24004E00CB /* NeckSusApp.swift */; };
		46B7E6FC2D64CD24004E00CB /* CalibrationView.swift in Sources */ = {isa = PBXBuildFile; fileRef = 46B7E6E32D64CD24004E00CB /* CalibrationView.swift */; };
		46B7E6FE2D64CD24004E00CB /* PainMarkingView.swift in Sources */ = {isa = PBXBuildFile; fileRef = 46B7E6F02D64CD24004E00CB /* PainMarkingView.swift */; };
		46B7E6FF2D64CD24004E00CB /* ErrorLogger.swift in Sources */ = {isa = PBXBuildFile; fileRef = 46B7E6E82D64CD24004E00CB /* ErrorLogger.swift */; };
		46B7E7012D64CD24004E00CB /* PersistenceController.swift in Sources */ = {isa = PBXBuildFile; fileRef = 46B7E6F12D64CD24004E00CB /* PersistenceController.swift */; };
		46B7E7062D64CD24004E00CB /* PostureManager.swift in Sources */ = {isa = PBXBuildFile; fileRef = 46B7E6F22D64CD24004E00CB /* PostureManager.swift */; };
		46B7E7082D64CD24004E00CB /* HealthDataManager.swift in Sources */ = {isa = PBXBuildFile; fileRef = 46B7E6E92D64CD24004E00CB /* HealthDataManager.swift */; };
		46B7E7092D64CD24004E00CB /* PostureVerificationView.swift in Sources */ = {isa = PBXBuildFile; fileRef = 46B7E6F32D64CD24004E00CB /* PostureVerificationView.swift */; };
		46B7E70A2D64CD24004E00CB /* StatCard.swift in Sources */ = {isa = PBXBuildFile; fileRef = 46B7E6F62D64CD24004E00CB /* StatCard.swift */; };
		46B7E7142D64D0AC004E00CB /* Assets.xcassets in Resources */ = {isa = PBXBuildFile; fileRef = 46B7E7112D64D0AC004E00CB /* Assets.xcassets */; };
		46B9C6E02D820480001043FA /* PainSharedComponents.swift in Sources */ = {isa = PBXBuildFile; fileRef = 46B9C6DF2D82047E001043FA /* PainSharedComponents.swift */; };
		46E995572D6EFA890027F5E5 /* SettingsView.swift in Sources */ = {isa = PBXBuildFile; fileRef = 46E995562D6EFA840027F5E5 /* SettingsView.swift */; };
/* End PBXBuildFile section */

/* Begin PBXFileReference section */
		4625A3D72D6A34E8001DBC55 /* PerformanceView.swift */ = {isa = PBXFileReference; lastKnownFileType = sourcecode.swift; path = PerformanceView.swift; sourceTree = "<group>"; };
		4625A3D92D6AD08E001DBC55 /* Models.swift */ = {isa = PBXFileReference; lastKnownFileType = sourcecode.swift; path = Models.swift; sourceTree = "<group>"; };
		4630283C2D66DF2200FE7B34 /* Constants.swift */ = {isa = PBXFileReference; lastKnownFileType = sourcecode.swift; path = Constants.swift; sourceTree = "<group>"; };
		464A364D2D7DD83100A0E539 /* DateUtils.swift */ = {isa = PBXFileReference; lastKnownFileType = sourcecode.swift; path = DateUtils.swift; sourceTree = "<group>"; };
		464A36532D7DD8E700A0E539 /* CloudKitService.swift */ = {isa = PBXFileReference; lastKnownFileType = sourcecode.swift; path = CloudKitService.swift; sourceTree = "<group>"; };
		464A365A2D7F3F3D00A0E539 /* PainDetailsEntry.swift */ = {isa = PBXFileReference; lastKnownFileType = sourcecode.swift; path = PainDetailsEntry.swift; sourceTree = "<group>"; };
		464A365C2D7F4B5400A0E539 /* PainMainTab.swift */ = {isa = PBXFileReference; lastKnownFileType = sourcecode.swift; path = PainMainTab.swift; sourceTree = "<group>"; };
		464A36BF2D80B7CD00A0E539 /* UserProfileView.swift */ = {isa = PBXFileReference; lastKnownFileType = sourcecode.swift; path = UserProfileView.swift; sourceTree = "<group>"; };
		464A36C32D80C45B00A0E539 /* OverviewTab.swift */ = {isa = PBXFileReference; lastKnownFileType = sourcecode.swift; path = OverviewTab.swift; sourceTree = "<group>"; };
		464A36C52D80C48700A0E539 /* PainHistoryView.swift */ = {isa = PBXFileReference; lastKnownFileType = sourcecode.swift; path = PainHistoryView.swift; sourceTree = "<group>"; };
		465691602D7A008B00AD7C31 /* SplashScreenView.swift */ = {isa = PBXFileReference; lastKnownFileType = sourcecode.swift; path = SplashScreenView.swift; sourceTree = "<group>"; };
		465691682D7A1AB200AD7C31 /* SecureTransformer.swift */ = {isa = PBXFileReference; lastKnownFileType = sourcecode.swift; path = SecureTransformer.swift; sourceTree = "<group>"; };
		465691A52D7B94C200AD7C31 /* AnalyticsView.swift */ = {isa = PBXFileReference; lastKnownFileType = sourcecode.swift; path = AnalyticsView.swift; sourceTree = "<group>"; };
		465691A72D7B97D100AD7C31 /* HomeView.swift */ = {isa = PBXFileReference; lastKnownFileType = sourcecode.swift; path = HomeView.swift; sourceTree = "<group>"; };
		465691AA2D7BA28500AD7C31 /* PostureChartView.swift */ = {isa = PBXFileReference; lastKnownFileType = sourcecode.swift; path = PostureChartView.swift; sourceTree = "<group>"; };
		465691AC2D7BB04700AD7C31 /* NeckSus13-Info.plist */ = {isa = PBXFileReference; lastKnownFileType = text.plist; path = "NeckSus13-Info.plist"; sourceTree = "<group>"; };
		465691AD2D7BB40F00AD7C31 /* GoogleService-Info.plist */ = {isa = PBXFileReference; lastKnownFileType = text.plist.xml; path = "GoogleService-Info.plist"; sourceTree = "<group>"; };
		46B531632D5DE82300D2252A /* NeckSus13.app */ = {isa = PBXFileReference; explicitFileType = wrapper.application; includeInIndex = 0; path = NeckSus13.app; sourceTree = BUILT_PRODUCTS_DIR; };
		46B531BE2D5EEFCD00D2252A /* NeckSusData.xcdatamodel */ = {isa = PBXFileReference; lastKnownFileType = wrapper.xcdatamodel; path = NeckSusData.xcdatamodel; sourceTree = "<group>"; };
		46B7E6E32D64CD24004E00CB /* CalibrationView.swift */ = {isa = PBXFileReference; lastKnownFileType = sourcecode.swift; path = CalibrationView.swift; sourceTree = "<group>"; };
		46B7E6E82D64CD24004E00CB /* ErrorLogger.swift */ = {isa = PBXFileReference; lastKnownFileType = sourcecode.swift; path = ErrorLogger.swift; sourceTree = "<group>"; };
		46B7E6E92D64CD24004E00CB /* HealthDataManager.swift */ = {isa = PBXFileReference; lastKnownFileType = sourcecode.swift; path = HealthDataManager.swift; sourceTree = "<group>"; };
		46B7E6EC2D64CD24004E00CB /* NeckSus13.xcodeproj */ = {isa = PBXFileReference; lastKnownFileType = "wrapper.pb-project"; path = NeckSus13.xcodeproj; sourceTree = "<group>"; };
		46B7E6ED2D64CD24004E00CB /* NeckSusApp.swift */ = {isa = PBXFileReference; lastKnownFileType = sourcecode.swift; path = NeckSusApp.swift; sourceTree = "<group>"; };
		46B7E6F02D64CD24004E00CB /* PainMarkingView.swift */ = {isa = PBXFileReference; lastKnownFileType = sourcecode.swift; path = PainMarkingView.swift; sourceTree = "<group>"; };
		46B7E6F12D64CD24004E00CB /* PersistenceController.swift */ = {isa = PBXFileReference; lastKnownFileType = sourcecode.swift; path = PersistenceController.swift; sourceTree = "<group>"; };
		46B7E6F22D64CD24004E00CB /* PostureManager.swift */ = {isa = PBXFileReference; lastKnownFileType = sourcecode.swift; path = PostureManager.swift; sourceTree = "<group>"; };
		46B7E6F32D64CD24004E00CB /* PostureVerificationView.swift */ = {isa = PBXFileReference; lastKnownFileType = sourcecode.swift; path = PostureVerificationView.swift; sourceTree = "<group>"; };
		46B7E6F62D64CD24004E00CB /* StatCard.swift */ = {isa = PBXFileReference; lastKnownFileType = sourcecode.swift; path = StatCard.swift; sourceTree = "<group>"; };
		46B7E6FA2D64CD24004E00CB /* NeckSusData.xcdatamodel */ = {isa = PBXFileReference; lastKnownFileType = wrapper.xcdatamodel; path = NeckSusData.xcdatamodel; sourceTree = "<group>"; };
		46B7E7112D64D0AC004E00CB /* Assets.xcassets */ = {isa = PBXFileReference; lastKnownFileType = folder.assetcatalog; path = Assets.xcassets; sourceTree = "<group>"; };
		46B9C6DF2D82047E001043FA /* PainSharedComponents.swift */ = {isa = PBXFileReference; lastKnownFileType = sourcecode.swift; path = PainSharedComponents.swift; sourceTree = "<group>"; };
		46E995562D6EFA840027F5E5 /* SettingsView.swift */ = {isa = PBXFileReference; lastKnownFileType = sourcecode.swift; path = SettingsView.swift; sourceTree = "<group>"; };
		46E995582D6F9CB00027F5E5 /* NeckSus13.entitlements */ = {isa = PBXFileReference; lastKnownFileType = text.plist.entitlements; path = NeckSus13.entitlements; sourceTree = "<group>"; };
/* End PBXFileReference section */

/* Begin PBXFrameworksBuildPhase section */
		46B531602D5DE82300D2252A /* Frameworks */ = {
			isa = PBXFrameworksBuildPhase;
			buildActionMask = 2147483647;
			files = (
			);
			runOnlyForDeploymentPostprocessing = 0;
		};
/* End PBXFrameworksBuildPhase section */

/* Begin PBXGroup section */
		464A36552D7E020A00A0E539 /* Application */ = {
			isa = PBXGroup;
			children = (
				464A36C52D80C48700A0E539 /* PainHistoryView.swift */,
				464A36C32D80C45B00A0E539 /* OverviewTab.swift */,
				46B7E6ED2D64CD24004E00CB /* NeckSusApp.swift */,
				465691602D7A008B00AD7C31 /* SplashScreenView.swift */,
				465691A72D7B97D100AD7C31 /* HomeView.swift */,
				46E995562D6EFA840027F5E5 /* SettingsView.swift */,
			);
			path = Application;
			sourceTree = "<group>";
		};
		464A36562D7E028600A0E539 /* Features */ = {
			isa = PBXGroup;
			children = (
				46B9C6DF2D82047E001043FA /* PainSharedComponents.swift */,
				464A365C2D7F4B5400A0E539 /* PainMainTab.swift */,
				464A365A2D7F3F3D00A0E539 /* PainDetailsEntry.swift */,
				465691A52D7B94C200AD7C31 /* AnalyticsView.swift */,
				46B7E6E32D64CD24004E00CB /* CalibrationView.swift */,
				46B7E6F02D64CD24004E00CB /* PainMarkingView.swift */,
				4625A3D72D6A34E8001DBC55 /* PerformanceView.swift */,
				465691AA2D7BA28500AD7C31 /* PostureChartView.swift */,
				46B7E6F32D64CD24004E00CB /* PostureVerificationView.swift */,
				46B7E6F62D64CD24004E00CB /* StatCard.swift */,
			);
			path = Features;
			sourceTree = "<group>";
		};
		464A36572D7E02CB00A0E539 /* Utilities */ = {
			isa = PBXGroup;
			children = (
				4630283C2D66DF2200FE7B34 /* Constants.swift */,
				464A364D2D7DD83100A0E539 /* DateUtils.swift */,
				46B7E6E82D64CD24004E00CB /* ErrorLogger.swift */,
				465691682D7A1AB200AD7C31 /* SecureTransformer.swift */,
			);
			path = Utilities;
			sourceTree = "<group>";
		};
		464A36582D7E030500A0E539 /* Models */ = {
			isa = PBXGroup;
			children = (
				464A36BF2D80B7CD00A0E539 /* UserProfileView.swift */,
				4625A3D92D6AD08E001DBC55 /* Models.swift */,
			);
			path = Models;
			sourceTree = "<group>";
		};
		464A36592D7E038C00A0E539 /* Service */ = {
			isa = PBXGroup;
			children = (
				464A36532D7DD8E700A0E539 /* CloudKitService.swift */,
				46B7E6E92D64CD24004E00CB /* HealthDataManager.swift */,
				46B7E6F12D64CD24004E00CB /* PersistenceController.swift */,
				46B7E6F22D64CD24004E00CB /* PostureManager.swift */,
			);
			path = Service;
			sourceTree = "<group>";
		};
		46B5315A2D5DE82300D2252A = {
			isa = PBXGroup;
			children = (
				464A36552D7E020A00A0E539 /* Application */,
				46B7E7112D64D0AC004E00CB /* Assets.xcassets */,
				464A36562D7E028600A0E539 /* Features */,
				465691AD2D7BB40F00AD7C31 /* GoogleService-Info.plist */,
				464A36582D7E030500A0E539 /* Models */,
				46E995582D6F9CB00027F5E5 /* NeckSus13.entitlements */,
				46B7E6EC2D64CD24004E00CB /* NeckSus13.xcodeproj */,
				465691AC2D7BB04700AD7C31 /* NeckSus13-Info.plist */,
				46B7E6EE2D64CD24004E00CB /* NeckSusData.xcdatamodeld */,
				46B531BD2D5EEFCD00D2252A /* NeckSusData.xcdatamodeld */,
				46B531642D5DE82300D2252A /* Products */,
				464A36592D7E038C00A0E539 /* Service */,
				464A36572D7E02CB00A0E539 /* Utilities */,
			);
			sourceTree = "<group>";
		};
		46B531642D5DE82300D2252A /* Products */ = {
			isa = PBXGroup;
			children = (
				46B531632D5DE82300D2252A /* NeckSus13.app */,
			);
			name = Products;
			sourceTree = "<group>";
		};
		46E995542D6D75980027F5E5 /* Products */ = {
			isa = PBXGroup;
			name = Products;
			sourceTree = "<group>";
		};
/* End PBXGroup section */

/* Begin PBXNativeTarget section */
		46B531622D5DE82300D2252A /* NeckSus13 */ = {
			isa = PBXNativeTarget;
			buildConfigurationList = 46B531712D5DE82500D2252A /* Build configuration list for PBXNativeTarget "NeckSus13" */;
			buildPhases = (
				46B5315F2D5DE82300D2252A /* Sources */,
				46B531602D5DE82300D2252A /* Frameworks */,
				46B531612D5DE82300D2252A /* Resources */,
			);
			buildRules = (
			);
			dependencies = (
			);
			name = NeckSus13;
			packageProductDependencies = (
			);
			productName = NeckSus;
			productReference = 46B531632D5DE82300D2252A /* NeckSus13.app */;
			productType = "com.apple.product-type.application";
		};
/* End PBXNativeTarget section */

/* Begin PBXProject section */
		46B5315B2D5DE82300D2252A /* Project object */ = {
			isa = PBXProject;
			attributes = {
				BuildIndependentTargetsInParallel = 1;
				LastSwiftUpdateCheck = 1620;
				LastUpgradeCheck = 1620;
				TargetAttributes = {
					46B531622D5DE82300D2252A = {
						CreatedOnToolsVersion = 16.2;
						LastSwiftMigration = 1620;
					};
				};
			};
			buildConfigurationList = 46B5315E2D5DE82300D2252A /* Build configuration list for PBXProject "NeckSus13" */;
			developmentRegion = en;
			hasScannedForEncodings = 0;
			knownRegions = (
				en,
				Base,
			);
			mainGroup = 46B5315A2D5DE82300D2252A;
			minimizedProjectReferenceProxies = 1;
			packageReferences = (
			);
			preferredProjectObjectVersion = 77;
			productRefGroup = 46B531642D5DE82300D2252A /* Products */;
			projectDirPath = "";
			projectReferences = (
				{
					ProductGroup = 46E995542D6D75980027F5E5 /* Products */;
					ProjectRef = 46B7E6EC2D64CD24004E00CB /* NeckSus13.xcodeproj */;
				},
			);
			projectRoot = "";
			targets = (
				46B531622D5DE82300D2252A /* NeckSus13 */,
			);
		};
/* End PBXProject section */

/* Begin PBXResourcesBuildPhase section */
		46B531612D5DE82300D2252A /* Resources */ = {
			isa = PBXResourcesBuildPhase;
			buildActionMask = 2147483647;
			files = (
				46B7E7142D64D0AC004E00CB /* Assets.xcassets in Resources */,
				465691AE2D7BB40F00AD7C31 /* GoogleService-Info.plist in Resources */,
			);
			runOnlyForDeploymentPostprocessing = 0;
		};
/* End PBXResourcesBuildPhase section */

/* Begin PBXSourcesBuildPhase section */
		46B5315F2D5DE82300D2252A /* Sources */ = {
			isa = PBXSourcesBuildPhase;
			buildActionMask = 2147483647;
			files = (
				464A36C62D80C48900A0E539 /* PainHistoryView.swift in Sources */,
				46E995572D6EFA890027F5E5 /* SettingsView.swift in Sources */,
				464A364E2D7DD83200A0E539 /* DateUtils.swift in Sources */,
				4630283D2D66DF2200FE7B34 /* Constants.swift in Sources */,
				46B7E6FB2D64CD24004E00CB /* NeckSusApp.swift in Sources */,
				46B7E6FC2D64CD24004E00CB /* CalibrationView.swift in Sources */,
				4625A3D82D6A34EA001DBC55 /* PerformanceView.swift in Sources */,
				465691A62D7B94C400AD7C31 /* AnalyticsView.swift in Sources */,
				464A36542D7DD8E900A0E539 /* CloudKitService.swift in Sources */,
				46B7E6FE2D64CD24004E00CB /* PainMarkingView.swift in Sources */,
				46B7E6FF2D64CD24004E00CB /* ErrorLogger.swift in Sources */,
				464A36C02D80B7CF00A0E539 /* UserProfileView.swift in Sources */,
				46310BDD2D68F3F4000B7943 /* NeckSusData.xcdatamodeld in Sources */,
				464A365B2D7F3F4700A0E539 /* PainDetailsEntry.swift in Sources */,
				46B7E7012D64CD24004E00CB /* PersistenceController.swift in Sources */,
				465691692D7A1AB300AD7C31 /* SecureTransformer.swift in Sources */,
				464A36C42D80C45F00A0E539 /* OverviewTab.swift in Sources */,
				46B7E7062D64CD24004E00CB /* PostureManager.swift in Sources */,
				465691612D7A008D00AD7C31 /* SplashScreenView.swift in Sources */,
				4625A3DA2D6AD090001DBC55 /* Models.swift in Sources */,
				46B7E7082D64CD24004E00CB /* HealthDataManager.swift in Sources */,
				46B9C6E02D820480001043FA /* PainSharedComponents.swift in Sources */,
				46B7E7092D64CD24004E00CB /* PostureVerificationView.swift in Sources */,
				465691AB2D7BA28500AD7C31 /* PostureChartView.swift in Sources */,
				465691A82D7B97D300AD7C31 /* HomeView.swift in Sources */,
				46B7E70A2D64CD24004E00CB /* StatCard.swift in Sources */,
				464A365D2D7F4B5600A0E539 /* PainMainTab.swift in Sources */,
			);
			runOnlyForDeploymentPostprocessing = 0;
		};
/* End PBXSourcesBuildPhase section */

/* Begin XCBuildConfiguration section */
		46B5316F2D5DE82500D2252A /* Debug */ = {
			isa = XCBuildConfiguration;
			buildSettings = {
				ALWAYS_SEARCH_USER_PATHS = NO;
				ASSETCATALOG_COMPILER_GENERATE_SWIFT_ASSET_SYMBOL_EXTENSIONS = YES;
				CLANG_ANALYZER_NONNULL = YES;
				CLANG_ANALYZER_NUMBER_OBJECT_CONVERSION = YES_AGGRESSIVE;
				CLANG_CXX_LANGUAGE_STANDARD = "gnu++20";
				CLANG_ENABLE_MODULES = YES;
				CLANG_ENABLE_OBJC_ARC = YES;
				CLANG_ENABLE_OBJC_WEAK = YES;
				CLANG_WARN_BLOCK_CAPTURE_AUTORELEASING = YES;
				CLANG_WARN_BOOL_CONVERSION = YES;
				CLANG_WARN_COMMA = YES;
				CLANG_WARN_CONSTANT_CONVERSION = YES;
				CLANG_WARN_DEPRECATED_OBJC_IMPLEMENTATIONS = YES;
				CLANG_WARN_DIRECT_OBJC_ISA_USAGE = YES_ERROR;
				CLANG_WARN_DOCUMENTATION_COMMENTS = YES;
				CLANG_WARN_EMPTY_BODY = YES;
				CLANG_WARN_ENUM_CONVERSION = YES;
				CLANG_WARN_INFINITE_RECURSION = YES;
				CLANG_WARN_INT_CONVERSION = YES;
				CLANG_WARN_NON_LITERAL_NULL_CONVERSION = YES;
				CLANG_WARN_OBJC_IMPLICIT_RETAIN_SELF = YES;
				CLANG_WARN_OBJC_LITERAL_CONVERSION = YES;
				CLANG_WARN_OBJC_ROOT_CLASS = YES_ERROR;
				CLANG_WARN_QUOTED_INCLUDE_IN_FRAMEWORK_HEADER = YES;
				CLANG_WARN_RANGE_LOOP_ANALYSIS = YES;
				CLANG_WARN_STRICT_PROTOTYPES = YES;
				CLANG_WARN_SUSPICIOUS_MOVE = YES;
				CLANG_WARN_UNGUARDED_AVAILABILITY = YES_AGGRESSIVE;
				CLANG_WARN_UNREACHABLE_CODE = YES;
				CLANG_WARN__DUPLICATE_METHOD_MATCH = YES;
				COPY_PHASE_STRIP = NO;
				DEBUG_INFORMATION_FORMAT = dwarf;
				ENABLE_STRICT_OBJC_MSGSEND = YES;
				ENABLE_TESTABILITY = YES;
				ENABLE_USER_SCRIPT_SANDBOXING = YES;
				FRAMEWORK_SEARCH_PATHS = "";
				GCC_C_LANGUAGE_STANDARD = gnu17;
				GCC_DYNAMIC_NO_PIC = NO;
				GCC_NO_COMMON_BLOCKS = YES;
				GCC_OPTIMIZATION_LEVEL = 0;
				GCC_PREPROCESSOR_DEFINITIONS = (
					"DEBUG=1",
					"$(inherited)",
				);
				GCC_WARN_64_TO_32_BIT_CONVERSION = YES;
				GCC_WARN_ABOUT_RETURN_TYPE = YES_ERROR;
				GCC_WARN_UNDECLARED_SELECTOR = YES;
				GCC_WARN_UNINITIALIZED_AUTOS = YES_AGGRESSIVE;
				GCC_WARN_UNUSED_FUNCTION = YES;
				GCC_WARN_UNUSED_VARIABLE = YES;
				IPHONEOS_DEPLOYMENT_TARGET = 18.2;
				LOCALIZATION_PREFERS_STRING_CATALOGS = YES;
				MTL_ENABLE_DEBUG_INFO = INCLUDE_SOURCE;
				MTL_FAST_MATH = YES;
				ONLY_ACTIVE_ARCH = YES;
				SDKROOT = iphoneos;
				SWIFT_ACTIVE_COMPILATION_CONDITIONS = "DEBUG $(inherited)";
				SWIFT_OPTIMIZATION_LEVEL = "-Onone";
			};
			name = Debug;
		};
		46B531702D5DE82500D2252A /* Release */ = {
			isa = XCBuildConfiguration;
			buildSettings = {
				ALWAYS_SEARCH_USER_PATHS = NO;
				ASSETCATALOG_COMPILER_GENERATE_SWIFT_ASSET_SYMBOL_EXTENSIONS = YES;
				CLANG_ANALYZER_NONNULL = YES;
				CLANG_ANALYZER_NUMBER_OBJECT_CONVERSION = YES_AGGRESSIVE;
				CLANG_CXX_LANGUAGE_STANDARD = "gnu++20";
				CLANG_ENABLE_MODULES = YES;
				CLANG_ENABLE_OBJC_ARC = YES;
				CLANG_ENABLE_OBJC_WEAK = YES;
				CLANG_WARN_BLOCK_CAPTURE_AUTORELEASING = YES;
				CLANG_WARN_BOOL_CONVERSION = YES;
				CLANG_WARN_COMMA = YES;
				CLANG_WARN_CONSTANT_CONVERSION = YES;
				CLANG_WARN_DEPRECATED_OBJC_IMPLEMENTATIONS = YES;
				CLANG_WARN_DIRECT_OBJC_ISA_USAGE = YES_ERROR;
				CLANG_WARN_DOCUMENTATION_COMMENTS = YES;
				CLANG_WARN_EMPTY_BODY = YES;
				CLANG_WARN_ENUM_CONVERSION = YES;
				CLANG_WARN_INFINITE_RECURSION = YES;
				CLANG_WARN_INT_CONVERSION = YES;
				CLANG_WARN_NON_LITERAL_NULL_CONVERSION = YES;
				CLANG_WARN_OBJC_IMPLICIT_RETAIN_SELF = YES;
				CLANG_WARN_OBJC_LITERAL_CONVERSION = YES;
				CLANG_WARN_OBJC_ROOT_CLASS = YES_ERROR;
				CLANG_WARN_QUOTED_INCLUDE_IN_FRAMEWORK_HEADER = YES;
				CLANG_WARN_RANGE_LOOP_ANALYSIS = YES;
				CLANG_WARN_STRICT_PROTOTYPES = YES;
				CLANG_WARN_SUSPICIOUS_MOVE = YES;
				CLANG_WARN_UNGUARDED_AVAILABILITY = YES_AGGRESSIVE;
				CLANG_WARN_UNREACHABLE_CODE = YES;
				CLANG_WARN__DUPLICATE_METHOD_MATCH = YES;
				COPY_PHASE_STRIP = NO;
				DEBUG_INFORMATION_FORMAT = "dwarf-with-dsym";
				ENABLE_NS_ASSERTIONS = NO;
				ENABLE_STRICT_OBJC_MSGSEND = YES;
				ENABLE_USER_SCRIPT_SANDBOXING = YES;
				FRAMEWORK_SEARCH_PATHS = "";
				GCC_C_LANGUAGE_STANDARD = gnu17;
				GCC_NO_COMMON_BLOCKS = YES;
				GCC_WARN_64_TO_32_BIT_CONVERSION = YES;
				GCC_WARN_ABOUT_RETURN_TYPE = YES_ERROR;
				GCC_WARN_UNDECLARED_SELECTOR = YES;
				GCC_WARN_UNINITIALIZED_AUTOS = YES_AGGRESSIVE;
				GCC_WARN_UNUSED_FUNCTION = YES;
				GCC_WARN_UNUSED_VARIABLE = YES;
				IPHONEOS_DEPLOYMENT_TARGET = 18.2;
				LOCALIZATION_PREFERS_STRING_CATALOGS = YES;
				MTL_ENABLE_DEBUG_INFO = NO;
				MTL_FAST_MATH = YES;
				SDKROOT = iphoneos;
				SWIFT_COMPILATION_MODE = wholemodule;
				VALIDATE_PRODUCT = YES;
			};
			name = Release;
		};
		46B531722D5DE82500D2252A /* Debug */ = {
			isa = XCBuildConfiguration;
			buildSettings = {
				ASSETCATALOG_COMPILER_APPICON_NAME = AppIcon;
				ASSETCATALOG_COMPILER_GLOBAL_ACCENT_COLOR_NAME = AccentColor;
				ASSETCATALOG_COMPILER_INCLUDE_ALL_APPICON_ASSETS = YES;
				CLANG_ENABLE_MODULES = YES;
				CODE_SIGN_ENTITLEMENTS = NeckSus13.entitlements;
				CODE_SIGN_IDENTITY = "Apple Development";
				CODE_SIGN_INJECT_BASE_ENTITLEMENTS = NO;
				CODE_SIGN_STYLE = Automatic;
				CURRENT_PROJECT_VERSION = 1;
				DEVELOPMENT_ASSET_PATHS = "\"Preview Content\"";
				DEVELOPMENT_TEAM = Q862Z77ND6;
				ENABLE_PREVIEWS = YES;
				GENERATE_INFOPLIST_FILE = YES;
				INFOPLIST_FILE = "NeckSus13-Info.plist";
				INFOPLIST_KEY_CFBundleDisplayName = NeckSus;
				INFOPLIST_KEY_LSApplicationCategoryType = "public.app-category.healthcare-fitness";
				INFOPLIST_KEY_UIApplicationSceneManifest_Generation = YES;
				INFOPLIST_KEY_UIApplicationSupportsIndirectInputEvents = YES;
				INFOPLIST_KEY_UILaunchScreen_Generation = YES;
				INFOPLIST_KEY_UISupportedInterfaceOrientations_iPad = "UIInterfaceOrientationPortrait UIInterfaceOrientationPortraitUpsideDown UIInterfaceOrientationLandscapeLeft UIInterfaceOrientationLandscapeRight";
				INFOPLIST_KEY_UISupportedInterfaceOrientations_iPhone = "UIInterfaceOrientationPortrait UIInterfaceOrientationLandscapeLeft UIInterfaceOrientationLandscapeRight";
				IPHONEOS_DEPLOYMENT_TARGET = 16.6;
				LD_RUNPATH_SEARCH_PATHS = (
					"$(inherited)",
					"@executable_path/Frameworks",
				);
				MARKETING_VERSION = 1.0;
				"OTHER_LDFLAGS[arch=*]" = "-ObjC";
				PRODUCT_BUNDLE_IDENTIFIER = xyz.Kushite.NeckSus;
				PRODUCT_NAME = "$(TARGET_NAME)";
				PROVISIONING_PROFILE_SPECIFIER = "";
				SWIFT_EMIT_LOC_STRINGS = YES;
				SWIFT_OPTIMIZATION_LEVEL = "-Onone";
				SWIFT_VERSION = 5.0;
				TARGETED_DEVICE_FAMILY = "1,2";
			};
			name = Debug;
		};
		46B531732D5DE82500D2252A /* Release */ = {
			isa = XCBuildConfiguration;
			buildSettings = {
				ASSETCATALOG_COMPILER_APPICON_NAME = AppIcon;
				ASSETCATALOG_COMPILER_GLOBAL_ACCENT_COLOR_NAME = AccentColor;
				ASSETCATALOG_COMPILER_INCLUDE_ALL_APPICON_ASSETS = YES;
				CLANG_ENABLE_MODULES = YES;
				CODE_SIGN_ENTITLEMENTS = NeckSus13.entitlements;
				CODE_SIGN_IDENTITY = "Apple Development";
				CODE_SIGN_INJECT_BASE_ENTITLEMENTS = NO;
				CODE_SIGN_STYLE = Automatic;
				CURRENT_PROJECT_VERSION = 1;
				DEVELOPMENT_ASSET_PATHS = "\"Preview Content\"";
				DEVELOPMENT_TEAM = Q862Z77ND6;
				ENABLE_PREVIEWS = YES;
				GENERATE_INFOPLIST_FILE = YES;
				INFOPLIST_FILE = "NeckSus13-Info.plist";
				INFOPLIST_KEY_CFBundleDisplayName = NeckSus;
				INFOPLIST_KEY_LSApplicationCategoryType = "public.app-category.healthcare-fitness";
				INFOPLIST_KEY_UIApplicationSceneManifest_Generation = YES;
				INFOPLIST_KEY_UIApplicationSupportsIndirectInputEvents = YES;
				INFOPLIST_KEY_UILaunchScreen_Generation = YES;
				INFOPLIST_KEY_UISupportedInterfaceOrientations_iPad = "UIInterfaceOrientationPortrait UIInterfaceOrientationPortraitUpsideDown UIInterfaceOrientationLandscapeLeft UIInterfaceOrientationLandscapeRight";
				INFOPLIST_KEY_UISupportedInterfaceOrientations_iPhone = "UIInterfaceOrientationPortrait UIInterfaceOrientationLandscapeLeft UIInterfaceOrientationLandscapeRight";
				IPHONEOS_DEPLOYMENT_TARGET = 16.6;
				LD_RUNPATH_SEARCH_PATHS = (
					"$(inherited)",
					"@executable_path/Frameworks",
				);
				MARKETING_VERSION = 1.0;
				"OTHER_LDFLAGS[arch=*]" = (
					"-ObjC",
					"-lc++",
					"-lsqlite3",
					"-lz",
				);
				PRODUCT_BUNDLE_IDENTIFIER = xyz.Kushite.NeckSus;
				PRODUCT_NAME = "$(TARGET_NAME)";
				PROVISIONING_PROFILE_SPECIFIER = "";
				SWIFT_EMIT_LOC_STRINGS = YES;
				SWIFT_VERSION = 5.0;
				TARGETED_DEVICE_FAMILY = "1,2";
			};
			name = Release;
		};
/* End XCBuildConfiguration section */

/* Begin XCConfigurationList section */
		46B5315E2D5DE82300D2252A /* Build configuration list for PBXProject "NeckSus13" */ = {
			isa = XCConfigurationList;
			buildConfigurations = (
				46B5316F2D5DE82500D2252A /* Debug */,
				46B531702D5DE82500D2252A /* Release */,
			);
			defaultConfigurationIsVisible = 0;
			defaultConfigurationName = Release;
		};
		46B531712D5DE82500D2252A /* Build configuration list for PBXNativeTarget "NeckSus13" */ = {
			isa = XCConfigurationList;
			buildConfigurations = (
				46B531722D5DE82500D2252A /* Debug */,
				46B531732D5DE82500D2252A /* Release */,
			);
			defaultConfigurationIsVisible = 0;
			defaultConfigurationName = Release;
		};
/* End XCConfigurationList section */

/* Begin XCVersionGroup section */
		46B531BD2D5EEFCD00D2252A /* NeckSusData.xcdatamodeld */ = {
			isa = XCVersionGroup;
			children = (
				46B531BE2D5EEFCD00D2252A /* NeckSusData.xcdatamodel */,
			);
			currentVersion = 46B531BE2D5EEFCD00D2252A /* NeckSusData.xcdatamodel */;
			path = NeckSusData.xcdatamodeld;
			sourceTree = "<group>";
			versionGroupType = wrapper.xcdatamodel;
		};
		46B7E6EE2D64CD24004E00CB /* NeckSusData.xcdatamodeld */ = {
			isa = XCVersionGroup;
			children = (
				46B7E6FA2D64CD24004E00CB /* NeckSusData.xcdatamodel */,
			);
			currentVersion = 46B7E6FA2D64CD24004E00CB /* NeckSusData.xcdatamodel */;
			path = NeckSusData.xcdatamodeld;
			sourceTree = "<group>";
			versionGroupType = wrapper.xcdatamodel;
		};
/* End XCVersionGroup section */
	};
	rootObject = 46B5315B2D5DE82300D2252A /* Project object */;
}
